
Microsoft Visual Studio Solution File, Format Version 12.00
# Visual Studio 15
VisualStudioVersion = 15.0.28307.1738
MinimumVisualStudioVersion = 10.0.40219.1
Project("{FAE04EC0-301F-11D3-BF4B-00C04F79EFBC}") = "xadrez_console", "xadrez_console\xadrez_console.csproj", "{B5B69B5E-7D65-41D6-AB17-4BE41412A707}"
EndProject
Global
	GlobalSection(SolutionConfigurationPlatforms) = preSolution
		Debug|Any CPU = Debug|Any CPU
		Release|Any CPU = Release|Any CPU
	EndGlobalSection
	GlobalSection(ProjectConfigurationPlatforms) = postSolution
		{B5B69B5E-7D65-41D6-AB17-4BE41412A707}.Debug|Any CPU.ActiveCfg = Debug|Any CPU
		{B5B69B5E-7D65-41D6-AB17-4BE41412A707}.Debug|Any CPU.Build.0 = Debug|Any CPU
		{B5B69B5E-7D65-41D6-AB17-4BE41412A707}.Release|Any CPU.ActiveCfg = Release|Any CPU
		{B5B69B5E-7D65-41D6-AB17-4BE41412A707}.Release|Any CPU.Build.0 = Release|Any CPU
	EndGlobalSection
	GlobalSection(SolutionProperties) = preSolution
		HideSolutionNode = FALSE
	EndGlobalSection
	GlobalSection(ExtensibilityGlobals) = postSolution
		SolutionGuid = {C4C3DCF8-44F5-47CD-969F-20C1F7F03EF7}
	EndGlobalSection
EndGlobal
